// !$*UTF8*$!
{
	archiveVersion = 1;
	classes = {
	};
	objectVersion = 50;
	objects = {

/* Begin PBXBuildFile section */
		3FBBA630221A828E003905FD /* QuestionAndResult.swift in Sources */ = {isa = PBXBuildFile; fileRef = 3FBBA62F221A828E003905FD /* QuestionAndResult.swift */; };
		3FBBA632221A981C003905FD /* QuestionBank.swift in Sources */ = {isa = PBXBuildFile; fileRef = 3FBBA631221A981C003905FD /* QuestionBank.swift */; };
		3FBBA634221AD632003905FD /* ResultBank.swift in Sources */ = {isa = PBXBuildFile; fileRef = 3FBBA633221AD632003905FD /* ResultBank.swift */; };
		3FD6549C221A714D005E765E /* AppDelegate.swift in Sources */ = {isa = PBXBuildFile; fileRef = 3FD6549B221A714D005E765E /* AppDelegate.swift */; };
		3FD6549E221A714D005E765E /* ViewController.swift in Sources */ = {isa = PBXBuildFile; fileRef = 3FD6549D221A714D005E765E /* ViewController.swift */; };
		3FD654A1221A714D005E765E /* Main.storyboard in Resources */ = {isa = PBXBuildFile; fileRef = 3FD6549F221A714D005E765E /* Main.storyboard */; };
		3FD654A3221A7150005E765E /* Assets.xcassets in Resources */ = {isa = PBXBuildFile; fileRef = 3FD654A2221A7150005E765E /* Assets.xcassets */; };
		3FD654A6221A7150005E765E /* LaunchScreen.storyboard in Resources */ = {isa = PBXBuildFile; fileRef = 3FD654A4221A7150005E765E /* LaunchScreen.storyboard */; };
/* End PBXBuildFile section */

/* Begin PBXFileReference section */
		3FBBA62F221A828E003905FD /* QuestionAndResult.swift */ = {isa = PBXFileReference; lastKnownFileType = sourcecode.swift; path = QuestionAndResult.swift; sourceTree = "<group>"; };
		3FBBA631221A981C003905FD /* QuestionBank.swift */ = {isa = PBXFileReference; lastKnownFileType = sourcecode.swift; path = QuestionBank.swift; sourceTree = "<group>"; };
		3FBBA633221AD632003905FD /* ResultBank.swift */ = {isa = PBXFileReference; lastKnownFileType = sourcecode.swift; path = ResultBank.swift; sourceTree = "<group>"; };
		3FD65498221A714D005E765E /* Attachment Style Test.app */ = {isa = PBXFileReference; explicitFileType = wrapper.application; includeInIndex = 0; path = "Attachment Style Test.app"; sourceTree = BUILT_PRODUCTS_DIR; };
		3FD6549B221A714D005E765E /* AppDelegate.swift */ = {isa = PBXFileReference; lastKnownFileType = sourcecode.swift; path = AppDelegate.swift; sourceTree = "<group>"; };
		3FD6549D221A714D005E765E /* ViewController.swift */ = {isa = PBXFileReference; lastKnownFileType = sourcecode.swift; path = ViewController.swift; sourceTree = "<group>"; };
		3FD654A0221A714D005E765E /* Base */ = {isa = PBXFileReference; lastKnownFileType = file.storyboard; name = Base; path = Base.lproj/Main.storyboard; sourceTree = "<group>"; };
		3FD654A2221A7150005E765E /* Assets.xcassets */ = {isa = PBXFileReference; lastKnownFileType = folder.assetcatalog; path = Assets.xcassets; sourceTree = "<group>"; };
		3FD654A5221A7150005E765E /* Base */ = {isa = PBXFileReference; lastKnownFileType = file.storyboard; name = Base; path = Base.lproj/LaunchScreen.storyboard; sourceTree = "<group>"; };
		3FD654A7221A7150005E765E /* Info.plist */ = {isa = PBXFileReference; lastKnownFileType = text.plist.xml; path = Info.plist; sourceTree = "<group>"; };
/* End PBXFileReference section */

/* Begin PBXFrameworksBuildPhase section */
		3FD65495221A714D005E765E /* Frameworks */ = {
			isa = PBXFrameworksBuildPhase;
			buildActionMask = 2147483647;
			files = (
			);
			runOnlyForDeploymentPostprocessing = 0;
		};
/* End PBXFrameworksBuildPhase section */

/* Begin PBXGroup section */
		3FD6548F221A714C005E765E = {
			isa = PBXGroup;
			children = (
				3FD6549A221A714D005E765E /* Attachment Style Test */,
				3FD65499221A714D005E765E /* Products */,
			);
			sourceTree = "<group>";
		};
		3FD65499221A714D005E765E /* Products */ = {
			isa = PBXGroup;
			children = (
				3FD65498221A714D005E765E /* Attachment Style Test.app */,
			);
			name = Products;
			sourceTree = "<group>";
		};
		3FD6549A221A714D005E765E /* Attachment Style Test */ = {
			isa = PBXGroup;
			children = (
				3FD654AD221A7242005E765E /* Model */,
				3FD654AF221A7295005E765E /* View */,
				3FD654AE221A727B005E765E /* Controller */,
				3FD654A7221A7150005E765E /* Info.plist */,
			);
			path = "Attachment Style Test";
			sourceTree = "<group>";
		};
		3FD654AD221A7242005E765E /* Model */ = {
			isa = PBXGroup;
			children = (
				3FBBA62F221A828E003905FD /* QuestionAndResult.swift */,
				3FBBA631221A981C003905FD /* QuestionBank.swift */,
				3FBBA633221AD632003905FD /* ResultBank.swift */,
			);
			path = Model;
			sourceTree = "<group>";
		};
		3FD654AE221A727B005E765E /* Controller */ = {
			isa = PBXGroup;
			children = (
				3FD6549B221A714D005E765E /* AppDelegate.swift */,
				3FD6549D221A714D005E765E /* ViewController.swift */,
			);
			path = Controller;
			sourceTree = "<group>";
		};
		3FD654AF221A7295005E765E /* View */ = {
			isa = PBXGroup;
			children = (
				3FD654A4221A7150005E765E /* LaunchScreen.storyboard */,
				3FD6549F221A714D005E765E /* Main.storyboard */,
				3FD654A2221A7150005E765E /* Assets.xcassets */,
			);
			path = View;
			sourceTree = "<group>";
		};
/* End PBXGroup section */

/* Begin PBXNativeTarget section */
		3FD65497221A714D005E765E /* Attachment Style Test */ = {
			isa = PBXNativeTarget;
			buildConfigurationList = 3FD654AA221A7150005E765E /* Build configuration list for PBXNativeTarget "Attachment Style Test" */;
			buildPhases = (
				3FD65494221A714D005E765E /* Sources */,
				3FD65495221A714D005E765E /* Frameworks */,
				3FD65496221A714D005E765E /* Resources */,
			);
			buildRules = (
			);
			dependencies = (
			);
			name = "Attachment Style Test";
			productName = "Attachment Style Test";
			productReference = 3FD65498221A714D005E765E /* Attachment Style Test.app */;
			productType = "com.apple.product-type.application";
		};
/* End PBXNativeTarget section */

/* Begin PBXProject section */
		3FD65490221A714C005E765E /* Project object */ = {
			isa = PBXProject;
			attributes = {
				LastSwiftUpdateCheck = 1010;
				LastUpgradeCheck = 1010;
				ORGANIZATIONNAME = "Junmo Han";
				TargetAttributes = {
					3FD65497221A714D005E765E = {
						CreatedOnToolsVersion = 10.1;
					};
				};
			};
			buildConfigurationList = 3FD65493221A714C005E765E /* Build configuration list for PBXProject "Attachment Style Test" */;
			compatibilityVersion = "Xcode 9.3";
			developmentRegion = en;
			hasScannedForEncodings = 0;
			knownRegions = (
				en,
				Base,
			);
			mainGroup = 3FD6548F221A714C005E765E;
			productRefGroup = 3FD65499221A714D005E765E /* Products */;
			projectDirPath = "";
			projectRoot = "";
			targets = (
				3FD65497221A714D005E765E /* Attachment Style Test */,
			);
		};
/* End PBXProject section */

/* Begin PBXResourcesBuildPhase section */
		3FD65496221A714D005E765E /* Resources */ = {
			isa = PBXResourcesBuildPhase;
			buildActionMask = 2147483647;
			files = (
				3FD654A6221A7150005E765E /* LaunchScreen.storyboard in Resources */,
				3FD654A3221A7150005E765E /* Assets.xcassets in Resources */,
				3FD654A1221A714D005E765E /* Main.storyboard in Resources */,
			);
			runOnlyForDeploymentPostprocessing = 0;
		};
/* End PBXResourcesBuildPhase section */

/* Begin PBXSourcesBuildPhase section */
		3FD65494221A714D005E765E /* Sources */ = {
			isa = PBXSourcesBuildPhase;
			buildActionMask = 2147483647;
			files = (
				3FBBA634221AD632003905FD /* ResultBank.swift in Sources */,
				3FBBA630221A828E003905FD /* QuestionAndResult.swift in Sources */,
				3FBBA632221A981C003905FD /* QuestionBank.swift in Sources */,
				3FD6549E221A714D005E765E /* ViewController.swift in Sources */,
				3FD6549C221A714D005E765E /* AppDelegate.swift in Sources */,
			);
			runOnlyForDeploymentPostprocessing = 0;
		};
/* End PBXSourcesBuildPhase section */

/* Begin PBXVariantGroup section */
		3FD6549F221A714D005E765E /* Main.storyboard */ = {
			isa = PBXVariantGroup;
			children = (
				3FD654A0221A714D005E765E /* Base */,
			);
			name = Main.storyboard;
			sourceTree = "<group>";
		};
		3FD654A4221A7150005E765E /* LaunchScreen.storyboard */ = {
			isa = PBXVariantGroup;
			children = (
				3FD654A5221A7150005E765E /* Base */,
			);
			name = LaunchScreen.storyboard;
			sourceTree = "<group>";
		};
/* End PBXVariantGroup section */

/* Begin XCBuildConfiguration section */
		3FD654A8221A7150005E765E /* Debug */ = {
			isa = XCBuildConfiguration;
			buildSettings = {
				ALWAYS_SEARCH_USER_PATHS = NO;
				CLANG_ANALYZER_NONNULL = YES;
				CLANG_ANALYZER_NUMBER_OBJECT_CONVERSION = YES_AGGRESSIVE;
				CLANG_CXX_LANGUAGE_STANDARD = "gnu++14";
				CLANG_CXX_LIBRARY = "libc++";
				CLANG_ENABLE_MODULES = YES;
				CLANG_ENABLE_OBJC_ARC = YES;
				CLANG_ENABLE_OBJC_WEAK = YES;
				CLANG_WARN_BLOCK_CAPTURE_AUTORELEASING = YES;
				CLANG_WARN_BOOL_CONVERSION = YES;
				CLANG_WARN_COMMA = YES;
				CLANG_WARN_CONSTANT_CONVERSION = YES;
				CLANG_WARN_DEPRECATED_OBJC_IMPLEMENTATIONS = YES;
				CLANG_WARN_DIRECT_OBJC_ISA_USAGE = YES_ERROR;
				CLANG_WARN_DOCUMENTATION_COMMENTS = YES;
				CLANG_WARN_EMPTY_BODY = YES;
				CLANG_WARN_ENUM_CONVERSION = YES;
				CLANG_WARN_INFINITE_RECURSION = YES;
				CLANG_WARN_INT_CONVERSION = YES;
				CLANG_WARN_NON_LITERAL_NULL_CONVERSION = YES;
				CLANG_WARN_OBJC_IMPLICIT_RETAIN_SELF = YES;
				CLANG_WARN_OBJC_LITERAL_CONVERSION = YES;
				CLANG_WARN_OBJC_ROOT_CLASS = YES_ERROR;
				CLANG_WARN_RANGE_LOOP_ANALYSIS = YES;
				CLANG_WARN_STRICT_PROTOTYPES = YES;
				CLANG_WARN_SUSPICIOUS_MOVE = YES;
				CLANG_WARN_UNGUARDED_AVAILABILITY = YES_AGGRESSIVE;
				CLANG_WARN_UNREACHABLE_CODE = YES;
				CLANG_WARN__DUPLICATE_METHOD_MATCH = YES;
				CODE_SIGN_IDENTITY = "iPhone Developer";
				COPY_PHASE_STRIP = NO;
				DEBUG_INFORMATION_FORMAT = dwarf;
				ENABLE_STRICT_OBJC_MSGSEND = YES;
				ENABLE_TESTABILITY = YES;
				GCC_C_LANGUAGE_STANDARD = gnu11;
				GCC_DYNAMIC_NO_PIC = NO;
				GCC_NO_COMMON_BLOCKS = YES;
				GCC_OPTIMIZATION_LEVEL = 0;
				GCC_PREPROCESSOR_DEFINITIONS = (
					"DEBUG=1",
					"$(inherited)",
				);
				GCC_WARN_64_TO_32_BIT_CONVERSION = YES;
				GCC_WARN_ABOUT_RETURN_TYPE = YES_ERROR;
				GCC_WARN_UNDECLARED_SELECTOR = YES;
				GCC_WARN_UNINITIALIZED_AUTOS = YES_AGGRESSIVE;
				GCC_WARN_UNUSED_FUNCTION = YES;
				GCC_WARN_UNUSED_VARIABLE = YES;
				IPHONEOS_DEPLOYMENT_TARGET = 12.1;
				MTL_ENABLE_DEBUG_INFO = INCLUDE_SOURCE;
				MTL_FAST_MATH = YES;
				ONLY_ACTIVE_ARCH = YES;
				SDKROOT = iphoneos;
				SWIFT_ACTIVE_COMPILATION_CONDITIONS = DEBUG;
				SWIFT_OPTIMIZATION_LEVEL = "-Onone";
			};
			name = Debug;
		};
		3FD654A9221A7150005E765E /* Release */ = {
			isa = XCBuildConfiguration;
			buildSettings = {
				ALWAYS_SEARCH_USER_PATHS = NO;
				CLANG_ANALYZER_NONNULL = YES;
				CLANG_ANALYZER_NUMBER_OBJECT_CONVERSION = YES_AGGRESSIVE;
				CLANG_CXX_LANGUAGE_STANDARD = "gnu++14";
				CLANG_CXX_LIBRARY = "libc++";
				CLANG_ENABLE_MODULES = YES;
				CLANG_ENABLE_OBJC_ARC = YES;
				CLANG_ENABLE_OBJC_WEAK = YES;
				CLANG_WARN_BLOCK_CAPTURE_AUTORELEASING = YES;
				CLANG_WARN_BOOL_CONVERSION = YES;
				CLANG_WARN_COMMA = YES;
				CLANG_WARN_CONSTANT_CONVERSION = YES;
				CLANG_WARN_DEPRECATED_OBJC_IMPLEMENTATIONS = YES;
				CLANG_WARN_DIRECT_OBJC_ISA_USAGE = YES_ERROR;
				CLANG_WARN_DOCUMENTATION_COMMENTS = YES;
				CLANG_WARN_EMPTY_BODY = YES;
				CLANG_WARN_ENUM_CONVERSION = YES;
				CLANG_WARN_INFINITE_RECURSION = YES;
				CLANG_WARN_INT_CONVERSION = YES;
				CLANG_WARN_NON_LITERAL_NULL_CONVERSION = YES;
				CLANG_WARN_OBJC_IMPLICIT_RETAIN_SELF = YES;
				CLANG_WARN_OBJC_LITERAL_CONVERSION = YES;
				CLANG_WARN_OBJC_ROOT_CLASS = YES_ERROR;
				CLANG_WARN_RANGE_LOOP_ANALYSIS = YES;
				CLANG_WARN_STRICT_PROTOTYPES = YES;
				CLANG_WARN_SUSPICIOUS_MOVE = YES;
				CLANG_WARN_UNGUARDED_AVAILABILITY = YES_AGGRESSIVE;
				CLANG_WARN_UNREACHABLE_CODE = YES;
				CLANG_WARN__DUPLICATE_METHOD_MATCH = YES;
				CODE_SIGN_IDENTITY = "iPhone Developer";
				COPY_PHASE_STRIP = NO;
				DEBUG_INFORMATION_FORMAT = "dwarf-with-dsym";
				ENABLE_NS_ASSERTIONS = NO;
				ENABLE_STRICT_OBJC_MSGSEND = YES;
				GCC_C_LANGUAGE_STANDARD = gnu11;
				GCC_NO_COMMON_BLOCKS = YES;
				GCC_WARN_64_TO_32_BIT_CONVERSION = YES;
				GCC_WARN_ABOUT_RETURN_TYPE = YES_ERROR;
				GCC_WARN_UNDECLARED_SELECTOR = YES;
				GCC_WARN_UNINITIALIZED_AUTOS = YES_AGGRESSIVE;
				GCC_WARN_UNUSED_FUNCTION = YES;
				GCC_WARN_UNUSED_VARIABLE = YES;
				IPHONEOS_DEPLOYMENT_TARGET = 12.1;
				MTL_ENABLE_DEBUG_INFO = NO;
				MTL_FAST_MATH = YES;
				SDKROOT = iphoneos;
				SWIFT_COMPILATION_MODE = wholemodule;
				SWIFT_OPTIMIZATION_LEVEL = "-O";
				VALIDATE_PRODUCT = YES;
			};
			name = Release;
		};
		3FD654AB221A7150005E765E /* Debug */ = {
			isa = XCBuildConfiguration;
			buildSettings = {
				ASSETCATALOG_COMPILER_APPICON_NAME = AppIcon;
				CODE_SIGN_STYLE = Automatic;
				DEVELOPMENT_TEAM = 69QD77CWUC;
				INFOPLIST_FILE = "Attachment Style Test/Info.plist";
				LD_RUNPATH_SEARCH_PATHS = (
					"$(inherited)",
					"@executable_path/Frameworks",
				);
				PRODUCT_BUNDLE_IDENTIFIER = "com.junmohan.Attachment-Style-Test";
				PRODUCT_NAME = "$(TARGET_NAME)";
				SWIFT_VERSION = 4.2;
				TARGETED_DEVICE_FAMILY = "1,2";
			};
			name = Debug;
		};
		3FD654AC221A7150005E765E /* Release */ = {
			isa = XCBuildConfiguration;
			buildSettings = {
				ASSETCATALOG_COMPILER_APPICON_NAME = AppIcon;
				CODE_SIGN_STYLE = Automatic;
				DEVELOPMENT_TEAM = 69QD77CWUC;
				INFOPLIST_FILE = "Attachment Style Test/Info.plist";
				LD_RUNPATH_SEARCH_PATHS = (
					"$(inherited)",
					"@executable_path/Frameworks",
				);
				PRODUCT_BUNDLE_IDENTIFIER = "com.junmohan.Attachment-Style-Test";
				PRODUCT_NAME = "$(TARGET_NAME)";
				SWIFT_VERSION = 4.2;
				TARGETED_DEVICE_FAMILY = "1,2";
			};
			name = Release;
		};
/* End XCBuildConfiguration section */

/* Begin XCConfigurationList section */
		3FD65493221A714C005E765E /* Build configuration list for PBXProject "Attachment Style Test" */ = {
			isa = XCConfigurationList;
			buildConfigurations = (
				3FD654A8221A7150005E765E /* Debug */,
				3FD654A9221A7150005E765E /* Release */,
			);
			defaultConfigurationIsVisible = 0;
			defaultConfigurationName = Release;
		};
		3FD654AA221A7150005E765E /* Build configuration list for PBXNativeTarget "Attachment Style Test" */ = {
			isa = XCConfigurationList;
			buildConfigurations = (
				3FD654AB221A7150005E765E /* Debug */,
				3FD654AC221A7150005E765E /* Release */,
			);
			defaultConfigurationIsVisible = 0;
			defaultConfigurationName = Release;
		};
/* End XCConfigurationList section */
	};
	rootObject = 3FD65490221A714C005E765E /* Project object */;
}
